
Microsoft Visual Studio Solution File, Format Version 12.00
# Visual Studio Version 17
VisualStudioVersion = 17.11.35219.272
MinimumVisualStudioVersion = 10.0.40219.1
Project("{FAE04EC0-301F-11D3-BF4B-00C04F79EFBC}") = "snake", "snake\snake.csproj", "{36610581-DE5D-4DC6-BDCE-C5D046560236}"
EndProject
Global
	GlobalSection(SolutionConfigurationPlatforms) = preSolution
		Debug|Any CPU = Debug|Any CPU
		Release|Any CPU = Release|Any CPU
	EndGlobalSection
	GlobalSection(ProjectConfigurationPlatforms) = postSolution
		{36610581-DE5D-4DC6-BDCE-C5D046560236}.Debug|Any CPU.ActiveCfg = Debug|Any CPU
		{36610581-DE5D-4DC6-BDCE-C5D046560236}.Debug|Any CPU.Build.0 = Debug|Any CPU
		{36610581-DE5D-4DC6-BDCE-C5D046560236}.Release|Any CPU.ActiveCfg = Release|Any CPU
		{36610581-DE5D-4DC6-BDCE-C5D046560236}.Release|Any CPU.Build.0 = Release|Any CPU
	EndGlobalSection
	GlobalSection(SolutionProperties) = preSolution
		HideSolutionNode = FALSE
	EndGlobalSection
	GlobalSection(ExtensibilityGlobals) = postSolution
		SolutionGuid = {7779F5EA-B50F-47BE-A92D-385683F0572D}
	EndGlobalSection
EndGlobal
